
Microsoft Visual Studio Solution File, Format Version 12.00
# Visual Studio 15
VisualStudioVersion = 15.0.26228.4
MinimumVisualStudioVersion = 10.0.40219.1
Project("{9092AA53-FB77-4645-B42D-1CCCA6BD08BD}") = "MimicNode", "MimicNode.njsproj", "{B80E23FF-32BA-4B9A-9913-3DCB8D4AE7AE}"
EndProject
Global
	GlobalSection(SolutionConfigurationPlatforms) = preSolution
		Debug|Any CPU = Debug|Any CPU
		Release|Any CPU = Release|Any CPU
	EndGlobalSection
	GlobalSection(ProjectConfigurationPlatforms) = postSolution
		{B80E23FF-32BA-4B9A-9913-3DCB8D4AE7AE}.Debug|Any CPU.ActiveCfg = Debug|Any CPU
		{B80E23FF-32BA-4B9A-9913-3DCB8D4AE7AE}.Debug|Any CPU.Build.0 = Debug|Any CPU
		{B80E23FF-32BA-4B9A-9913-3DCB8D4AE7AE}.Release|Any CPU.ActiveCfg = Release|Any CPU
		{B80E23FF-32BA-4B9A-9913-3DCB8D4AE7AE}.Release|Any CPU.Build.0 = Release|Any CPU
	EndGlobalSection
	GlobalSection(SolutionProperties) = preSolution
		HideSolutionNode = FALSE
	EndGlobalSection
EndGlobal
