
Microsoft Visual Studio Solution File, Format Version 12.00
# Visual Studio 2015
Project("{FAE04EC0-301F-11D3-BF4B-00C04F79EFBC}") = "MimicVR", "MimicVR.csproj", "{360FDD62-FE60-8CB5-595D-F33F2678A0B8}"
EndProject
Project("{FAE04EC0-301F-11D3-BF4B-00C04F79EFBC}") = "MimicVR.Editor", "MimicVR.Editor.csproj", "{2BF8EF05-DFD5-B349-46B2-F9A015C713A1}"
EndProject
Global
	GlobalSection(SolutionConfigurationPlatforms) = preSolution
		Debug|Any CPU = Debug|Any CPU
		Release|Any CPU = Release|Any CPU
	EndGlobalSection
	GlobalSection(ProjectConfigurationPlatforms) = postSolution
		{360FDD62-FE60-8CB5-595D-F33F2678A0B8}.Debug|Any CPU.ActiveCfg = Debug|Any CPU
		{360FDD62-FE60-8CB5-595D-F33F2678A0B8}.Debug|Any CPU.Build.0 = Debug|Any CPU
		{360FDD62-FE60-8CB5-595D-F33F2678A0B8}.Release|Any CPU.ActiveCfg = Release|Any CPU
		{360FDD62-FE60-8CB5-595D-F33F2678A0B8}.Release|Any CPU.Build.0 = Release|Any CPU
		{2BF8EF05-DFD5-B349-46B2-F9A015C713A1}.Debug|Any CPU.ActiveCfg = Debug|Any CPU
		{2BF8EF05-DFD5-B349-46B2-F9A015C713A1}.Debug|Any CPU.Build.0 = Debug|Any CPU
		{2BF8EF05-DFD5-B349-46B2-F9A015C713A1}.Release|Any CPU.ActiveCfg = Release|Any CPU
		{2BF8EF05-DFD5-B349-46B2-F9A015C713A1}.Release|Any CPU.Build.0 = Release|Any CPU
	EndGlobalSection
	GlobalSection(SolutionProperties) = preSolution
		HideSolutionNode = FALSE
	EndGlobalSection
EndGlobal
